// !$*UTF8*$!
{
	archiveVersion = 1;
	classes = {
	};
	objectVersion = 48;
	objects = {

/* Begin PBXBuildFile section */
		0448995020CE684000527A90 /* AppDelegate.m in Sources */ = {isa = PBXBuildFile; fileRef = 0448994F20CE684000527A90 /* AppDelegate.m */; };
		0448995320CE684000527A90 /* ViewController.m in Sources */ = {isa = PBXBuildFile; fileRef = 0448995220CE684000527A90 /* ViewController.m */; };
		0448995620CE684000527A90 /* Main.storyboard in Resources */ = {isa = PBXBuildFile; fileRef = 0448995420CE684000527A90 /* Main.storyboard */; };
		0448995820CE684000527A90 /* Assets.xcassets in Resources */ = {isa = PBXBuildFile; fileRef = 0448995720CE684000527A90 /* Assets.xcassets */; };
		0448995B20CE684000527A90 /* LaunchScreen.storyboard in Resources */ = {isa = PBXBuildFile; fileRef = 0448995920CE684000527A90 /* LaunchScreen.storyboard */; };
		0448995E20CE684000527A90 /* main.m in Sources */ = {isa = PBXBuildFile; fileRef = 0448995D20CE684000527A90 /* main.m */; };
		0448996820CE684000527A90 /* AES___Tests.m in Sources */ = {isa = PBXBuildFile; fileRef = 0448996720CE684000527A90 /* AES___Tests.m */; };
		0448997320CE684000527A90 /* AES___UITests.m in Sources */ = {isa = PBXBuildFile; fileRef = 0448997220CE684000527A90 /* AES___UITests.m */; };
		0448998420CE685900527A90 /* GTMBase64.m in Sources */ = {isa = PBXBuildFile; fileRef = 0448998220CE685900527A90 /* GTMBase64.m */; };
		0448998720CE68E200527A90 /* NSString+AES.m in Sources */ = {isa = PBXBuildFile; fileRef = 0448998620CE68E200527A90 /* NSString+AES.m */; };
/* End PBXBuildFile section */

/* Begin PBXContainerItemProxy section */
		0448996420CE684000527A90 /* PBXContainerItemProxy */ = {
			isa = PBXContainerItemProxy;
			containerPortal = 0448994320CE684000527A90 /* Project object */;
			proxyType = 1;
			remoteGlobalIDString = 0448994A20CE684000527A90;
			remoteInfo = "AES的使用";
		};
		0448996F20CE684000527A90 /* PBXContainerItemProxy */ = {
			isa = PBXContainerItemProxy;
			containerPortal = 0448994320CE684000527A90 /* Project object */;
			proxyType = 1;
			remoteGlobalIDString = 0448994A20CE684000527A90;
			remoteInfo = "AES的使用";
		};
/* End PBXContainerItemProxy section */

/* Begin PBXFileReference section */
		0448994B20CE684000527A90 /* AES的使用.app */ = {isa = PBXFileReference; explicitFileType = wrapper.application; includeInIndex = 0; path = "AES的使用.app"; sourceTree = BUILT_PRODUCTS_DIR; };
		0448994E20CE684000527A90 /* AppDelegate.h */ = {isa = PBXFileReference; lastKnownFileType = sourcecode.c.h; path = AppDelegate.h; sourceTree = "<group>"; };
		0448994F20CE684000527A90 /* AppDelegate.m */ = {isa = PBXFileReference; lastKnownFileType = sourcecode.c.objc; path = AppDelegate.m; sourceTree = "<group>"; };
		0448995120CE684000527A90 /* ViewController.h */ = {isa = PBXFileReference; lastKnownFileType = sourcecode.c.h; path = ViewController.h; sourceTree = "<group>"; };
		0448995220CE684000527A90 /* ViewController.m */ = {isa = PBXFileReference; lastKnownFileType = sourcecode.c.objc; path = ViewController.m; sourceTree = "<group>"; };
		0448995520CE684000527A90 /* Base */ = {isa = PBXFileReference; lastKnownFileType = file.storyboard; name = Base; path = Base.lproj/Main.storyboard; sourceTree = "<group>"; };
		0448995720CE684000527A90 /* Assets.xcassets */ = {isa = PBXFileReference; lastKnownFileType = folder.assetcatalog; path = Assets.xcassets; sourceTree = "<group>"; };
		0448995A20CE684000527A90 /* Base */ = {isa = PBXFileReference; lastKnownFileType = file.storyboard; name = Base; path = Base.lproj/LaunchScreen.storyboard; sourceTree = "<group>"; };
		0448995C20CE684000527A90 /* Info.plist */ = {isa = PBXFileReference; lastKnownFileType = text.plist.xml; path = Info.plist; sourceTree = "<group>"; };
		0448995D20CE684000527A90 /* main.m */ = {isa = PBXFileReference; lastKnownFileType = sourcecode.c.objc; path = main.m; sourceTree = "<group>"; };
		0448996320CE684000527A90 /* AES的使用Tests.xctest */ = {isa = PBXFileReference; explicitFileType = wrapper.cfbundle; includeInIndex = 0; path = "AES的使用Tests.xctest"; sourceTree = BUILT_PRODUCTS_DIR; };
		0448996720CE684000527A90 /* AES___Tests.m */ = {isa = PBXFileReference; lastKnownFileType = sourcecode.c.objc; path = "AES___Tests.m"; sourceTree = "<group>"; };
		0448996920CE684000527A90 /* Info.plist */ = {isa = PBXFileReference; lastKnownFileType = text.plist.xml; path = Info.plist; sourceTree = "<group>"; };
		0448996E20CE684000527A90 /* AES的使用UITests.xctest */ = {isa = PBXFileReference; explicitFileType = wrapper.cfbundle; includeInIndex = 0; path = "AES的使用UITests.xctest"; sourceTree = BUILT_PRODUCTS_DIR; };
		0448997220CE684000527A90 /* AES___UITests.m */ = {isa = PBXFileReference; lastKnownFileType = sourcecode.c.objc; path = "AES___UITests.m"; sourceTree = "<group>"; };
		0448997420CE684000527A90 /* Info.plist */ = {isa = PBXFileReference; lastKnownFileType = text.plist.xml; path = Info.plist; sourceTree = "<group>"; };
		0448998120CE685900527A90 /* GTMBase64.h */ = {isa = PBXFileReference; fileEncoding = 4; lastKnownFileType = sourcecode.c.h; path = GTMBase64.h; sourceTree = "<group>"; };
		0448998220CE685900527A90 /* GTMBase64.m */ = {isa = PBXFileReference; fileEncoding = 4; lastKnownFileType = sourcecode.c.objc; path = GTMBase64.m; sourceTree = "<group>"; };
		0448998320CE685900527A90 /* GTMDefines.h */ = {isa = PBXFileReference; fileEncoding = 4; lastKnownFileType = sourcecode.c.h; path = GTMDefines.h; sourceTree = "<group>"; };
		0448998520CE68E200527A90 /* NSString+AES.h */ = {isa = PBXFileReference; lastKnownFileType = sourcecode.c.h; path = "NSString+AES.h"; sourceTree = "<group>"; };
		0448998620CE68E200527A90 /* NSString+AES.m */ = {isa = PBXFileReference; lastKnownFileType = sourcecode.c.objc; path = "NSString+AES.m"; sourceTree = "<group>"; };
/* End PBXFileReference section */

/* Begin PBXFrameworksBuildPhase section */
		0448994820CE684000527A90 /* Frameworks */ = {
			isa = PBXFrameworksBuildPhase;
			buildActionMask = 2147483647;
			files = (
			);
			runOnlyForDeploymentPostprocessing = 0;
		};
		0448996020CE684000527A90 /* Frameworks */ = {
			isa = PBXFrameworksBuildPhase;
			buildActionMask = 2147483647;
			files = (
			);
			runOnlyForDeploymentPostprocessing = 0;
		};
		0448996B20CE684000527A90 /* Frameworks */ = {
			isa = PBXFrameworksBuildPhase;
			buildActionMask = 2147483647;
			files = (
			);
			runOnlyForDeploymentPostprocessing = 0;
		};
/* End PBXFrameworksBuildPhase section */

/* Begin PBXGroup section */
		0448994220CE684000527A90 = {
			isa = PBXGroup;
			children = (
				0448994D20CE684000527A90 /* AES的使用 */,
				0448996620CE684000527A90 /* AES的使用Tests */,
				0448997120CE684000527A90 /* AES的使用UITests */,
				0448994C20CE684000527A90 /* Products */,
			);
			sourceTree = "<group>";
		};
		0448994C20CE684000527A90 /* Products */ = {
			isa = PBXGroup;
			children = (
				0448994B20CE684000527A90 /* AES的使用.app */,
				0448996320CE684000527A90 /* AES的使用Tests.xctest */,
				0448996E20CE684000527A90 /* AES的使用UITests.xctest */,
			);
			name = Products;
			sourceTree = "<group>";
		};
		0448994D20CE684000527A90 /* AES的使用 */ = {
			isa = PBXGroup;
			children = (
				0448998520CE68E200527A90 /* NSString+AES.h */,
				0448998620CE68E200527A90 /* NSString+AES.m */,
				0448998020CE685900527A90 /* GTM */,
				0448994E20CE684000527A90 /* AppDelegate.h */,
				0448994F20CE684000527A90 /* AppDelegate.m */,
				0448995120CE684000527A90 /* ViewController.h */,
				0448995220CE684000527A90 /* ViewController.m */,
				0448995420CE684000527A90 /* Main.storyboard */,
				0448995720CE684000527A90 /* Assets.xcassets */,
				0448995920CE684000527A90 /* LaunchScreen.storyboard */,
				0448995C20CE684000527A90 /* Info.plist */,
				0448995D20CE684000527A90 /* main.m */,
			);
			path = "AES的使用";
			sourceTree = "<group>";
		};
		0448996620CE684000527A90 /* AES的使用Tests */ = {
			isa = PBXGroup;
			children = (
				0448996720CE684000527A90 /* AES___Tests.m */,
				0448996920CE684000527A90 /* Info.plist */,
			);
			path = "AES的使用Tests";
			sourceTree = "<group>";
		};
		0448997120CE684000527A90 /* AES的使用UITests */ = {
			isa = PBXGroup;
			children = (
				0448997220CE684000527A90 /* AES___UITests.m */,
				0448997420CE684000527A90 /* Info.plist */,
			);
			path = "AES的使用UITests";
			sourceTree = "<group>";
		};
		0448998020CE685900527A90 /* GTM */ = {
			isa = PBXGroup;
			children = (
				0448998120CE685900527A90 /* GTMBase64.h */,
				0448998220CE685900527A90 /* GTMBase64.m */,
				0448998320CE685900527A90 /* GTMDefines.h */,
			);
			path = GTM;
			sourceTree = "<group>";
		};
/* End PBXGroup section */

/* Begin PBXNativeTarget section */
		0448994A20CE684000527A90 /* AES的使用 */ = {
			isa = PBXNativeTarget;
			buildConfigurationList = 0448997720CE684000527A90 /* Build configuration list for PBXNativeTarget "AES的使用" */;
			buildPhases = (
				0448994720CE684000527A90 /* Sources */,
				0448994820CE684000527A90 /* Frameworks */,
				0448994920CE684000527A90 /* Resources */,
			);
			buildRules = (
			);
			dependencies = (
			);
			name = "AES的使用";
			productName = "AES的使用";
			productReference = 0448994B20CE684000527A90 /* AES的使用.app */;
			productType = "com.apple.product-type.application";
		};
		0448996220CE684000527A90 /* AES的使用Tests */ = {
			isa = PBXNativeTarget;
			buildConfigurationList = 0448997A20CE684000527A90 /* Build configuration list for PBXNativeTarget "AES的使用Tests" */;
			buildPhases = (
				0448995F20CE684000527A90 /* Sources */,
				0448996020CE684000527A90 /* Frameworks */,
				0448996120CE684000527A90 /* Resources */,
			);
			buildRules = (
			);
			dependencies = (
				0448996520CE684000527A90 /* PBXTargetDependency */,
			);
			name = "AES的使用Tests";
			productName = "AES的使用Tests";
			productReference = 0448996320CE684000527A90 /* AES的使用Tests.xctest */;
			productType = "com.apple.product-type.bundle.unit-test";
		};
		0448996D20CE684000527A90 /* AES的使用UITests */ = {
			isa = PBXNativeTarget;
			buildConfigurationList = 0448997D20CE684000527A90 /* Build configuration list for PBXNativeTarget "AES的使用UITests" */;
			buildPhases = (
				0448996A20CE684000527A90 /* Sources */,
				0448996B20CE684000527A90 /* Frameworks */,
				0448996C20CE684000527A90 /* Resources */,
			);
			buildRules = (
			);
			dependencies = (
				0448997020CE684000527A90 /* PBXTargetDependency */,
			);
			name = "AES的使用UITests";
			productName = "AES的使用UITests";
			productReference = 0448996E20CE684000527A90 /* AES的使用UITests.xctest */;
			productType = "com.apple.product-type.bundle.ui-testing";
		};
/* End PBXNativeTarget section */

/* Begin PBXProject section */
		0448994320CE684000527A90 /* Project object */ = {
			isa = PBXProject;
			attributes = {
				LastUpgradeCheck = 0920;
				ORGANIZATIONNAME = mac;
				TargetAttributes = {
					0448994A20CE684000527A90 = {
						CreatedOnToolsVersion = 9.2;
						ProvisioningStyle = Automatic;
					};
					0448996220CE684000527A90 = {
						CreatedOnToolsVersion = 9.2;
						ProvisioningStyle = Automatic;
						TestTargetID = 0448994A20CE684000527A90;
					};
					0448996D20CE684000527A90 = {
						CreatedOnToolsVersion = 9.2;
						ProvisioningStyle = Automatic;
						TestTargetID = 0448994A20CE684000527A90;
					};
				};
			};
			buildConfigurationList = 0448994620CE684000527A90 /* Build configuration list for PBXProject "AES的使用" */;
			compatibilityVersion = "Xcode 8.0";
			developmentRegion = en;
			hasScannedForEncodings = 0;
			knownRegions = (
				en,
				Base,
			);
			mainGroup = 0448994220CE684000527A90;
			productRefGroup = 0448994C20CE684000527A90 /* Products */;
			projectDirPath = "";
			projectRoot = "";
			targets = (
				0448994A20CE684000527A90 /* AES的使用 */,
				0448996220CE684000527A90 /* AES的使用Tests */,
				0448996D20CE684000527A90 /* AES的使用UITests */,
			);
		};
/* End PBXProject section */

/* Begin PBXResourcesBuildPhase section */
		0448994920CE684000527A90 /* Resources */ = {
			isa = PBXResourcesBuildPhase;
			buildActionMask = 2147483647;
			files = (
				0448995B20CE684000527A90 /* LaunchScreen.storyboard in Resources */,
				0448995820CE684000527A90 /* Assets.xcassets in Resources */,
				0448995620CE684000527A90 /* Main.storyboard in Resources */,
			);
			runOnlyForDeploymentPostprocessing = 0;
		};
		0448996120CE684000527A90 /* Resources */ = {
			isa = PBXResourcesBuildPhase;
			buildActionMask = 2147483647;
			files = (
			);
			runOnlyForDeploymentPostprocessing = 0;
		};
		0448996C20CE684000527A90 /* Resources */ = {
			isa = PBXResourcesBuildPhase;
			buildActionMask = 2147483647;
			files = (
			);
			runOnlyForDeploymentPostprocessing = 0;
		};
/* End PBXResourcesBuildPhase section */

/* Begin PBXSourcesBuildPhase section */
		0448994720CE684000527A90 /* Sources */ = {
			isa = PBXSourcesBuildPhase;
			buildActionMask = 2147483647;
			files = (
				0448995320CE684000527A90 /* ViewController.m in Sources */,
				0448995E20CE684000527A90 /* main.m in Sources */,
				0448998720CE68E200527A90 /* NSString+AES.m in Sources */,
				0448995020CE684000527A90 /* AppDelegate.m in Sources */,
				0448998420CE685900527A90 /* GTMBase64.m in Sources */,
			);
			runOnlyForDeploymentPostprocessing = 0;
		};
		0448995F20CE684000527A90 /* Sources */ = {
			isa = PBXSourcesBuildPhase;
			buildActionMask = 2147483647;
			files = (
				0448996820CE684000527A90 /* AES___Tests.m in Sources */,
			);
			runOnlyForDeploymentPostprocessing = 0;
		};
		0448996A20CE684000527A90 /* Sources */ = {
			isa = PBXSourcesBuildPhase;
			buildActionMask = 2147483647;
			files = (
				0448997320CE684000527A90 /* AES___UITests.m in Sources */,
			);
			runOnlyForDeploymentPostprocessing = 0;
		};
/* End PBXSourcesBuildPhase section */

/* Begin PBXTargetDependency section */
		0448996520CE684000527A90 /* PBXTargetDependency */ = {
			isa = PBXTargetDependency;
			target = 0448994A20CE684000527A90 /* AES的使用 */;
			targetProxy = 0448996420CE684000527A90 /* PBXContainerItemProxy */;
		};
		0448997020CE684000527A90 /* PBXTargetDependency */ = {
			isa = PBXTargetDependency;
			target = 0448994A20CE684000527A90 /* AES的使用 */;
			targetProxy = 0448996F20CE684000527A90 /* PBXContainerItemProxy */;
		};
/* End PBXTargetDependency section */

/* Begin PBXVariantGroup section */
		0448995420CE684000527A90 /* Main.storyboard */ = {
			isa = PBXVariantGroup;
			children = (
				0448995520CE684000527A90 /* Base */,
			);
			name = Main.storyboard;
			sourceTree = "<group>";
		};
		0448995920CE684000527A90 /* LaunchScreen.storyboard */ = {
			isa = PBXVariantGroup;
			children = (
				0448995A20CE684000527A90 /* Base */,
			);
			name = LaunchScreen.storyboard;
			sourceTree = "<group>";
		};
/* End PBXVariantGroup section */

/* Begin XCBuildConfiguration section */
		0448997520CE684000527A90 /* Debug */ = {
			isa = XCBuildConfiguration;
			buildSettings = {
				ALWAYS_SEARCH_USER_PATHS = NO;
				CLANG_ANALYZER_NONNULL = YES;
				CLANG_ANALYZER_NUMBER_OBJECT_CONVERSION = YES_AGGRESSIVE;
				CLANG_CXX_LANGUAGE_STANDARD = "gnu++14";
				CLANG_CXX_LIBRARY = "libc++";
				CLANG_ENABLE_MODULES = YES;
				CLANG_ENABLE_OBJC_ARC = YES;
				CLANG_WARN_BLOCK_CAPTURE_AUTORELEASING = YES;
				CLANG_WARN_BOOL_CONVERSION = YES;
				CLANG_WARN_COMMA = YES;
				CLANG_WARN_CONSTANT_CONVERSION = YES;
				CLANG_WARN_DIRECT_OBJC_ISA_USAGE = YES_ERROR;
				CLANG_WARN_DOCUMENTATION_COMMENTS = YES;
				CLANG_WARN_EMPTY_BODY = YES;
				CLANG_WARN_ENUM_CONVERSION = YES;
				CLANG_WARN_INFINITE_RECURSION = YES;
				CLANG_WARN_INT_CONVERSION = YES;
				CLANG_WARN_NON_LITERAL_NULL_CONVERSION = YES;
				CLANG_WARN_OBJC_LITERAL_CONVERSION = YES;
				CLANG_WARN_OBJC_ROOT_CLASS = YES_ERROR;
				CLANG_WARN_RANGE_LOOP_ANALYSIS = YES;
				CLANG_WARN_STRICT_PROTOTYPES = YES;
				CLANG_WARN_SUSPICIOUS_MOVE = YES;
				CLANG_WARN_UNGUARDED_AVAILABILITY = YES_AGGRESSIVE;
				CLANG_WARN_UNREACHABLE_CODE = YES;
				CLANG_WARN__DUPLICATE_METHOD_MATCH = YES;
				CODE_SIGN_IDENTITY = "iPhone Developer";
				COPY_PHASE_STRIP = NO;
				DEBUG_INFORMATION_FORMAT = dwarf;
				ENABLE_STRICT_OBJC_MSGSEND = YES;
				ENABLE_TESTABILITY = YES;
				GCC_C_LANGUAGE_STANDARD = gnu11;
				GCC_DYNAMIC_NO_PIC = NO;
				GCC_NO_COMMON_BLOCKS = YES;
				GCC_OPTIMIZATION_LEVEL = 0;
				GCC_PREPROCESSOR_DEFINITIONS = (
					"DEBUG=1",
					"$(inherited)",
				);
				GCC_WARN_64_TO_32_BIT_CONVERSION = YES;
				GCC_WARN_ABOUT_RETURN_TYPE = YES_ERROR;
				GCC_WARN_UNDECLARED_SELECTOR = YES;
				GCC_WARN_UNINITIALIZED_AUTOS = YES_AGGRESSIVE;
				GCC_WARN_UNUSED_FUNCTION = YES;
				GCC_WARN_UNUSED_VARIABLE = YES;
				IPHONEOS_DEPLOYMENT_TARGET = 11.2;
				MTL_ENABLE_DEBUG_INFO = YES;
				ONLY_ACTIVE_ARCH = YES;
				SDKROOT = iphoneos;
			};
			name = Debug;
		};
		0448997620CE684000527A90 /* Release */ = {
			isa = XCBuildConfiguration;
			buildSettings = {
				ALWAYS_SEARCH_USER_PATHS = NO;
				CLANG_ANALYZER_NONNULL = YES;
				CLANG_ANALYZER_NUMBER_OBJECT_CONVERSION = YES_AGGRESSIVE;
				CLANG_CXX_LANGUAGE_STANDARD = "gnu++14";
				CLANG_CXX_LIBRARY = "libc++";
				CLANG_ENABLE_MODULES = YES;
				CLANG_ENABLE_OBJC_ARC = YES;
				CLANG_WARN_BLOCK_CAPTURE_AUTORELEASING = YES;
				CLANG_WARN_BOOL_CONVERSION = YES;
				CLANG_WARN_COMMA = YES;
				CLANG_WARN_CONSTANT_CONVERSION = YES;
				CLANG_WARN_DIRECT_OBJC_ISA_USAGE = YES_ERROR;
				CLANG_WARN_DOCUMENTATION_COMMENTS = YES;
				CLANG_WARN_EMPTY_BODY = YES;
				CLANG_WARN_ENUM_CONVERSION = YES;
				CLANG_WARN_INFINITE_RECURSION = YES;
				CLANG_WARN_INT_CONVERSION = YES;
				CLANG_WARN_NON_LITERAL_NULL_CONVERSION = YES;
				CLANG_WARN_OBJC_LITERAL_CONVERSION = YES;
				CLANG_WARN_OBJC_ROOT_CLASS = YES_ERROR;
				CLANG_WARN_RANGE_LOOP_ANALYSIS = YES;
				CLANG_WARN_STRICT_PROTOTYPES = YES;
				CLANG_WARN_SUSPICIOUS_MOVE = YES;
				CLANG_WARN_UNGUARDED_AVAILABILITY = YES_AGGRESSIVE;
				CLANG_WARN_UNREACHABLE_CODE = YES;
				CLANG_WARN__DUPLICATE_METHOD_MATCH = YES;
				CODE_SIGN_IDENTITY = "iPhone Developer";
				COPY_PHASE_STRIP = NO;
				DEBUG_INFORMATION_FORMAT = "dwarf-with-dsym";
				ENABLE_NS_ASSERTIONS = NO;
				ENABLE_STRICT_OBJC_MSGSEND = YES;
				GCC_C_LANGUAGE_STANDARD = gnu11;
				GCC_NO_COMMON_BLOCKS = YES;
				GCC_WARN_64_TO_32_BIT_CONVERSION = YES;
				GCC_WARN_ABOUT_RETURN_TYPE = YES_ERROR;
				GCC_WARN_UNDECLARED_SELECTOR = YES;
				GCC_WARN_UNINITIALIZED_AUTOS = YES_AGGRESSIVE;
				GCC_WARN_UNUSED_FUNCTION = YES;
				GCC_WARN_UNUSED_VARIABLE = YES;
				IPHONEOS_DEPLOYMENT_TARGET = 11.2;
				MTL_ENABLE_DEBUG_INFO = NO;
				SDKROOT = iphoneos;
				VALIDATE_PRODUCT = YES;
			};
			name = Release;
		};
		0448997820CE684000527A90 /* Debug */ = {
			isa = XCBuildConfiguration;
			buildSettings = {
				ASSETCATALOG_COMPILER_APPICON_NAME = AppIcon;
				CODE_SIGN_STYLE = Automatic;
				INFOPLIST_FILE = "AES的使用/Info.plist";
				LD_RUNPATH_SEARCH_PATHS = "$(inherited) @executable_path/Frameworks";
				PRODUCT_BUNDLE_IDENTIFIER = "d.AES---";
				PRODUCT_NAME = "$(TARGET_NAME)";
				TARGETED_DEVICE_FAMILY = "1,2";
			};
			name = Debug;
		};
		0448997920CE684000527A90 /* Release */ = {
			isa = XCBuildConfiguration;
			buildSettings = {
				ASSETCATALOG_COMPILER_APPICON_NAME = AppIcon;
				CODE_SIGN_STYLE = Automatic;
				INFOPLIST_FILE = "AES的使用/Info.plist";
				LD_RUNPATH_SEARCH_PATHS = "$(inherited) @executable_path/Frameworks";
				PRODUCT_BUNDLE_IDENTIFIER = "d.AES---";
				PRODUCT_NAME = "$(TARGET_NAME)";
				TARGETED_DEVICE_FAMILY = "1,2";
			};
			name = Release;
		};
		0448997B20CE684000527A90 /* Debug */ = {
			isa = XCBuildConfiguration;
			buildSettings = {
				BUNDLE_LOADER = "$(TEST_HOST)";
				CODE_SIGN_STYLE = Automatic;
				INFOPLIST_FILE = "AES的使用Tests/Info.plist";
				LD_RUNPATH_SEARCH_PATHS = "$(inherited) @executable_path/Frameworks @loader_path/Frameworks";
				PRODUCT_BUNDLE_IDENTIFIER = "d.AES---Tests";
				PRODUCT_NAME = "$(TARGET_NAME)";
				TARGETED_DEVICE_FAMILY = "1,2";
				TEST_HOST = "$(BUILT_PRODUCTS_DIR)/AES的使用.app/AES的使用";
			};
			name = Debug;
		};
		0448997C20CE684000527A90 /* Release */ = {
			isa = XCBuildConfiguration;
			buildSettings = {
				BUNDLE_LOADER = "$(TEST_HOST)";
				CODE_SIGN_STYLE = Automatic;
				INFOPLIST_FILE = "AES的使用Tests/Info.plist";
				LD_RUNPATH_SEARCH_PATHS = "$(inherited) @executable_path/Frameworks @loader_path/Frameworks";
				PRODUCT_BUNDLE_IDENTIFIER = "d.AES---Tests";
				PRODUCT_NAME = "$(TARGET_NAME)";
				TARGETED_DEVICE_FAMILY = "1,2";
				TEST_HOST = "$(BUILT_PRODUCTS_DIR)/AES的使用.app/AES的使用";
			};
			name = Release;
		};
		0448997E20CE684000527A90 /* Debug */ = {
			isa = XCBuildConfiguration;
			buildSettings = {
				CODE_SIGN_STYLE = Automatic;
				INFOPLIST_FILE = "AES的使用UITests/Info.plist";
				LD_RUNPATH_SEARCH_PATHS = "$(inherited) @executable_path/Frameworks @loader_path/Frameworks";
				PRODUCT_BUNDLE_IDENTIFIER = "d.AES---UITests";
				PRODUCT_NAME = "$(TARGET_NAME)";
				TARGETED_DEVICE_FAMILY = "1,2";
				TEST_TARGET_NAME = "AES的使用";
			};
			name = Debug;
		};
		0448997F20CE684000527A90 /* Release */ = {
			isa = XCBuildConfiguration;
			buildSettings = {
				CODE_SIGN_STYLE = Automatic;
				INFOPLIST_FILE = "AES的使用UITests/Info.plist";
				LD_RUNPATH_SEARCH_PATHS = "$(inherited) @executable_path/Frameworks @loader_path/Frameworks";
				PRODUCT_BUNDLE_IDENTIFIER = "d.AES---UITests";
				PRODUCT_NAME = "$(TARGET_NAME)";
				TARGETED_DEVICE_FAMILY = "1,2";
				TEST_TARGET_NAME = "AES的使用";
			};
			name = Release;
		};
/* End XCBuildConfiguration section */

/* Begin XCConfigurationList section */
		0448994620CE684000527A90 /* Build configuration list for PBXProject "AES的使用" */ = {
			isa = XCConfigurationList;
			buildConfigurations = (
				0448997520CE684000527A90 /* Debug */,
				0448997620CE684000527A90 /* Release */,
			);
			defaultConfigurationIsVisible = 0;
			defaultConfigurationName = Release;
		};
		0448997720CE684000527A90 /* Build configuration list for PBXNativeTarget "AES的使用" */ = {
			isa = XCConfigurationList;
			buildConfigurations = (
				0448997820CE684000527A90 /* Debug */,
				0448997920CE684000527A90 /* Release */,
			);
			defaultConfigurationIsVisible = 0;
			defaultConfigurationName = Release;
		};
		0448997A20CE684000527A90 /* Build configuration list for PBXNativeTarget "AES的使用Tests" */ = {
			isa = XCConfigurationList;
			buildConfigurations = (
				0448997B20CE684000527A90 /* Debug */,
				0448997C20CE684000527A90 /* Release */,
			);
			defaultConfigurationIsVisible = 0;
			defaultConfigurationName = Release;
		};
		0448997D20CE684000527A90 /* Build configuration list for PBXNativeTarget "AES的使用UITests" */ = {
			isa = XCConfigurationList;
			buildConfigurations = (
				0448997E20CE684000527A90 /* Debug */,
				0448997F20CE684000527A90 /* Release */,
			);
			defaultConfigurationIsVisible = 0;
			defaultConfigurationName = Release;
		};
/* End XCConfigurationList section */
	};
	rootObject = 0448994320CE684000527A90 /* Project object */;
}
